
Microsoft Visual Studio Solution File, Format Version 12.00
# Visual Studio 15
VisualStudioVersion = 15.0.28307.1000
MinimumVisualStudioVersion = 10.0.40219.1
Project("{FAE04EC0-301F-11D3-BF4B-00C04F79EFBC}") = "MovieAPI", "MovieAPI\MovieAPI.csproj", "{9C1AE7BB-95F7-4907-8B61-B3D47065D46C}"
EndProject
Global
	GlobalSection(SolutionConfigurationPlatforms) = preSolution
		Debug|Any CPU = Debug|Any CPU
		Release|Any CPU = Release|Any CPU
	EndGlobalSection
	GlobalSection(ProjectConfigurationPlatforms) = postSolution
		{9C1AE7BB-95F7-4907-8B61-B3D47065D46C}.Debug|Any CPU.ActiveCfg = Debug|Any CPU
		{9C1AE7BB-95F7-4907-8B61-B3D47065D46C}.Debug|Any CPU.Build.0 = Debug|Any CPU
		{9C1AE7BB-95F7-4907-8B61-B3D47065D46C}.Release|Any CPU.ActiveCfg = Release|Any CPU
		{9C1AE7BB-95F7-4907-8B61-B3D47065D46C}.Release|Any CPU.Build.0 = Release|Any CPU
	EndGlobalSection
	GlobalSection(SolutionProperties) = preSolution
		HideSolutionNode = FALSE
	EndGlobalSection
	GlobalSection(ExtensibilityGlobals) = postSolution
		SolutionGuid = {577B33E9-9694-465B-AFB6-9158B7846E1E}
	EndGlobalSection
EndGlobal
